// !$*UTF8*$!
{
	archiveVersion = 1;
	classes = {
	};
	objectVersion = 46;
	objects = {

/* Begin PBXBuildFile section */
		84F638D31DEEC40100FDDD30 /* main.m in Sources */ = {isa = PBXBuildFile; fileRef = 84F638D21DEEC40100FDDD30 /* main.m */; };
		84F638D61DEEC40100FDDD30 /* AppDelegate.m in Sources */ = {isa = PBXBuildFile; fileRef = 84F638D51DEEC40100FDDD30 /* AppDelegate.m */; };
		84F638DC1DEEC40100FDDD30 /* Main.storyboard in Resources */ = {isa = PBXBuildFile; fileRef = 84F638DA1DEEC40100FDDD30 /* Main.storyboard */; };
		84F638DE1DEEC40100FDDD30 /* Assets.xcassets in Resources */ = {isa = PBXBuildFile; fileRef = 84F638DD1DEEC40100FDDD30 /* Assets.xcassets */; };
		84F638E11DEEC40100FDDD30 /* LaunchScreen.storyboard in Resources */ = {isa = PBXBuildFile; fileRef = 84F638DF1DEEC40100FDDD30 /* LaunchScreen.storyboard */; };
		EA36CB0D1E6DA0A300B44E4E /* AppColors.m in Sources */ = {isa = PBXBuildFile; fileRef = EA36CB0C1E6DA0A300B44E4E /* AppColors.m */; };
		EA3B76391E6E0DAD00E509A4 /* Detail.m in Sources */ = {isa = PBXBuildFile; fileRef = EA3B76321E6E0DAD00E509A4 /* Detail.m */; };
		EA3B763A1E6E0DAD00E509A4 /* History.m in Sources */ = {isa = PBXBuildFile; fileRef = EA3B76341E6E0DAD00E509A4 /* History.m */; };
		EA3B763B1E6E0DAD00E509A4 /* LanguageSelecting.m in Sources */ = {isa = PBXBuildFile; fileRef = EA3B76361E6E0DAD00E509A4 /* LanguageSelecting.m */; };
		EA3B763C1E6E0DAD00E509A4 /* Translate.m in Sources */ = {isa = PBXBuildFile; fileRef = EA3B76381E6E0DAD00E509A4 /* Translate.m */; };
		EA3B76431E6E0DBF00E509A4 /* HeaderCell.m in Sources */ = {isa = PBXBuildFile; fileRef = EA3B763E1E6E0DBF00E509A4 /* HeaderCell.m */; };
		EA3B76441E6E0DBF00E509A4 /* HistoryCell.m in Sources */ = {isa = PBXBuildFile; fileRef = EA3B76401E6E0DBF00E509A4 /* HistoryCell.m */; };
		EA3B76451E6E0DBF00E509A4 /* LanguageCell.m in Sources */ = {isa = PBXBuildFile; fileRef = EA3B76421E6E0DBF00E509A4 /* LanguageCell.m */; };
		EA3B76481E6E0DCE00E509A4 /* Translator.m in Sources */ = {isa = PBXBuildFile; fileRef = EA3B76471E6E0DCE00E509A4 /* Translator.m */; };
/* End PBXBuildFile section */

/* Begin PBXCopyFilesBuildPhase section */
		EA1ED7C01E697CEF00717280 /* Embed App Extensions */ = {
			isa = PBXCopyFilesBuildPhase;
			buildActionMask = 2147483647;
			dstPath = "";
			dstSubfolderSpec = 13;
			files = (
			);
			name = "Embed App Extensions";
			runOnlyForDeploymentPostprocessing = 0;
		};
/* End PBXCopyFilesBuildPhase section */

/* Begin PBXFileReference section */
		84F638CE1DEEC40100FDDD30 /* translater.app */ = {isa = PBXFileReference; explicitFileType = wrapper.application; includeInIndex = 0; path = translater.app; sourceTree = BUILT_PRODUCTS_DIR; };
		84F638D21DEEC40100FDDD30 /* main.m */ = {isa = PBXFileReference; lastKnownFileType = sourcecode.c.objc; path = main.m; sourceTree = "<group>"; };
		84F638D41DEEC40100FDDD30 /* AppDelegate.h */ = {isa = PBXFileReference; lastKnownFileType = sourcecode.c.h; path = AppDelegate.h; sourceTree = "<group>"; };
		84F638D51DEEC40100FDDD30 /* AppDelegate.m */ = {isa = PBXFileReference; lastKnownFileType = sourcecode.c.objc; path = AppDelegate.m; sourceTree = "<group>"; };
		84F638DB1DEEC40100FDDD30 /* Base */ = {isa = PBXFileReference; lastKnownFileType = file.storyboard; name = Base; path = Base.lproj/Main.storyboard; sourceTree = "<group>"; };
		84F638DD1DEEC40100FDDD30 /* Assets.xcassets */ = {isa = PBXFileReference; lastKnownFileType = folder.assetcatalog; path = Assets.xcassets; sourceTree = "<group>"; };
		84F638E01DEEC40100FDDD30 /* Base */ = {isa = PBXFileReference; lastKnownFileType = file.storyboard; name = Base; path = Base.lproj/LaunchScreen.storyboard; sourceTree = "<group>"; };
		84F638E21DEEC40100FDDD30 /* Info.plist */ = {isa = PBXFileReference; lastKnownFileType = text.plist.xml; path = Info.plist; sourceTree = "<group>"; };
		EA1ED7B01E697CEF00717280 /* NotificationCenter.framework */ = {isa = PBXFileReference; lastKnownFileType = wrapper.framework; name = NotificationCenter.framework; path = System/Library/Frameworks/NotificationCenter.framework; sourceTree = SDKROOT; };
		EA36CB0B1E6DA0A300B44E4E /* AppColors.h */ = {isa = PBXFileReference; fileEncoding = 4; lastKnownFileType = sourcecode.c.h; path = AppColors.h; sourceTree = "<group>"; };
		EA36CB0C1E6DA0A300B44E4E /* AppColors.m */ = {isa = PBXFileReference; fileEncoding = 4; lastKnownFileType = sourcecode.c.objc; path = AppColors.m; sourceTree = "<group>"; };
		EA3B76311E6E0DAD00E509A4 /* Detail.h */ = {isa = PBXFileReference; fileEncoding = 4; lastKnownFileType = sourcecode.c.h; path = Detail.h; sourceTree = "<group>"; };
		EA3B76321E6E0DAD00E509A4 /* Detail.m */ = {isa = PBXFileReference; fileEncoding = 4; lastKnownFileType = sourcecode.c.objc; path = Detail.m; sourceTree = "<group>"; };
		EA3B76331E6E0DAD00E509A4 /* History.h */ = {isa = PBXFileReference; fileEncoding = 4; lastKnownFileType = sourcecode.c.h; path = History.h; sourceTree = "<group>"; };
		EA3B76341E6E0DAD00E509A4 /* History.m */ = {isa = PBXFileReference; fileEncoding = 4; lastKnownFileType = sourcecode.c.objc; path = History.m; sourceTree = "<group>"; };
		EA3B76351E6E0DAD00E509A4 /* LanguageSelecting.h */ = {isa = PBXFileReference; fileEncoding = 4; lastKnownFileType = sourcecode.c.h; path = LanguageSelecting.h; sourceTree = "<group>"; };
		EA3B76361E6E0DAD00E509A4 /* LanguageSelecting.m */ = {isa = PBXFileReference; fileEncoding = 4; lastKnownFileType = sourcecode.c.objc; path = LanguageSelecting.m; sourceTree = "<group>"; };
		EA3B76371E6E0DAD00E509A4 /* Translate.h */ = {isa = PBXFileReference; fileEncoding = 4; lastKnownFileType = sourcecode.c.h; path = Translate.h; sourceTree = "<group>"; };
		EA3B76381E6E0DAD00E509A4 /* Translate.m */ = {isa = PBXFileReference; fileEncoding = 4; lastKnownFileType = sourcecode.c.objc; path = Translate.m; sourceTree = "<group>"; };
		EA3B763D1E6E0DBF00E509A4 /* HeaderCell.h */ = {isa = PBXFileReference; fileEncoding = 4; lastKnownFileType = sourcecode.c.h; path = HeaderCell.h; sourceTree = "<group>"; };
		EA3B763E1E6E0DBF00E509A4 /* HeaderCell.m */ = {isa = PBXFileReference; fileEncoding = 4; lastKnownFileType = sourcecode.c.objc; path = HeaderCell.m; sourceTree = "<group>"; };
		EA3B763F1E6E0DBF00E509A4 /* HistoryCell.h */ = {isa = PBXFileReference; fileEncoding = 4; lastKnownFileType = sourcecode.c.h; path = HistoryCell.h; sourceTree = "<group>"; };
		EA3B76401E6E0DBF00E509A4 /* HistoryCell.m */ = {isa = PBXFileReference; fileEncoding = 4; lastKnownFileType = sourcecode.c.objc; path = HistoryCell.m; sourceTree = "<group>"; };
		EA3B76411E6E0DBF00E509A4 /* LanguageCell.h */ = {isa = PBXFileReference; fileEncoding = 4; lastKnownFileType = sourcecode.c.h; path = LanguageCell.h; sourceTree = "<group>"; };
		EA3B76421E6E0DBF00E509A4 /* LanguageCell.m */ = {isa = PBXFileReference; fileEncoding = 4; lastKnownFileType = sourcecode.c.objc; path = LanguageCell.m; sourceTree = "<group>"; };
		EA3B76461E6E0DCE00E509A4 /* Translator.h */ = {isa = PBXFileReference; fileEncoding = 4; lastKnownFileType = sourcecode.c.h; path = Translator.h; sourceTree = "<group>"; };
		EA3B76471E6E0DCE00E509A4 /* Translator.m */ = {isa = PBXFileReference; fileEncoding = 4; lastKnownFileType = sourcecode.c.objc; path = Translator.m; sourceTree = "<group>"; };
/* End PBXFileReference section */

/* Begin PBXFrameworksBuildPhase section */
		84F638CB1DEEC40100FDDD30 /* Frameworks */ = {
			isa = PBXFrameworksBuildPhase;
			buildActionMask = 2147483647;
			files = (
			);
			runOnlyForDeploymentPostprocessing = 0;
		};
/* End PBXFrameworksBuildPhase section */

/* Begin PBXGroup section */
		84F638C51DEEC40100FDDD30 = {
			isa = PBXGroup;
			children = (
				84F638D01DEEC40100FDDD30 /* translater */,
				EA1ED7AF1E697CEF00717280 /* Frameworks */,
				84F638CF1DEEC40100FDDD30 /* Products */,
			);
			sourceTree = "<group>";
		};
		84F638CF1DEEC40100FDDD30 /* Products */ = {
			isa = PBXGroup;
			children = (
				84F638CE1DEEC40100FDDD30 /* translater.app */,
			);
			name = Products;
			sourceTree = "<group>";
		};
		84F638D01DEEC40100FDDD30 /* translater */ = {
			isa = PBXGroup;
			children = (
				84F638D41DEEC40100FDDD30 /* AppDelegate.h */,
				84F638D51DEEC40100FDDD30 /* AppDelegate.m */,
				EA36CB0B1E6DA0A300B44E4E /* AppColors.h */,
				EA36CB0C1E6DA0A300B44E4E /* AppColors.m */,
				EA2487421E5DA02B00FAFBE1 /* ViewControllers */,
				EA78AB1A1E6448AF00D2E4B4 /* Cells */,
				84F638EB1DEEC85100FDDD30 /* Model */,
				84F638DA1DEEC40100FDDD30 /* Main.storyboard */,
				84F638DD1DEEC40100FDDD30 /* Assets.xcassets */,
				84F638DF1DEEC40100FDDD30 /* LaunchScreen.storyboard */,
				84F638E21DEEC40100FDDD30 /* Info.plist */,
				84F638D11DEEC40100FDDD30 /* Supporting Files */,
			);
			path = translater;
			sourceTree = "<group>";
		};
		84F638D11DEEC40100FDDD30 /* Supporting Files */ = {
			isa = PBXGroup;
			children = (
				84F638D21DEEC40100FDDD30 /* main.m */,
			);
			name = "Supporting Files";
			sourceTree = "<group>";
		};
		84F638EB1DEEC85100FDDD30 /* Model */ = {
			isa = PBXGroup;
			children = (
				EA3B76461E6E0DCE00E509A4 /* Translator.h */,
				EA3B76471E6E0DCE00E509A4 /* Translator.m */,
			);
			path = Model;
			sourceTree = "<group>";
		};
		EA1ED7AF1E697CEF00717280 /* Frameworks */ = {
			isa = PBXGroup;
			children = (
				EA1ED7B01E697CEF00717280 /* NotificationCenter.framework */,
			);
			name = Frameworks;
			sourceTree = "<group>";
		};
		EA2487421E5DA02B00FAFBE1 /* ViewControllers */ = {
			isa = PBXGroup;
			children = (
				EA3B76311E6E0DAD00E509A4 /* Detail.h */,
				EA3B76321E6E0DAD00E509A4 /* Detail.m */,
				EA3B76331E6E0DAD00E509A4 /* History.h */,
				EA3B76341E6E0DAD00E509A4 /* History.m */,
				EA3B76351E6E0DAD00E509A4 /* LanguageSelecting.h */,
				EA3B76361E6E0DAD00E509A4 /* LanguageSelecting.m */,
				EA3B76371E6E0DAD00E509A4 /* Translate.h */,
				EA3B76381E6E0DAD00E509A4 /* Translate.m */,
			);
			path = ViewControllers;
			sourceTree = "<group>";
		};
		EA78AB1A1E6448AF00D2E4B4 /* Cells */ = {
			isa = PBXGroup;
			children = (
				EA3B763D1E6E0DBF00E509A4 /* HeaderCell.h */,
				EA3B763E1E6E0DBF00E509A4 /* HeaderCell.m */,
				EA3B763F1E6E0DBF00E509A4 /* HistoryCell.h */,
				EA3B76401E6E0DBF00E509A4 /* HistoryCell.m */,
				EA3B76411E6E0DBF00E509A4 /* LanguageCell.h */,
				EA3B76421E6E0DBF00E509A4 /* LanguageCell.m */,
			);
			path = Cells;
			sourceTree = "<group>";
		};
/* End PBXGroup section */

/* Begin PBXNativeTarget section */
		84F638CD1DEEC40100FDDD30 /* translater */ = {
			isa = PBXNativeTarget;
			buildConfigurationList = 84F638E51DEEC40100FDDD30 /* Build configuration list for PBXNativeTarget "translater" */;
			buildPhases = (
				84F638CA1DEEC40100FDDD30 /* Sources */,
				84F638CB1DEEC40100FDDD30 /* Frameworks */,
				84F638CC1DEEC40100FDDD30 /* Resources */,
				EA1ED7C01E697CEF00717280 /* Embed App Extensions */,
			);
			buildRules = (
			);
			dependencies = (
			);
			name = translater;
			productName = translater;
			productReference = 84F638CE1DEEC40100FDDD30 /* translater.app */;
			productType = "com.apple.product-type.application";
		};
/* End PBXNativeTarget section */

/* Begin PBXProject section */
		84F638C61DEEC40100FDDD30 /* Project object */ = {
			isa = PBXProject;
			attributes = {
				LastUpgradeCheck = 0820;
				ORGANIZATIONNAME = admin;
				TargetAttributes = {
					84F638CD1DEEC40100FDDD30 = {
						CreatedOnToolsVersion = 8.1;
						DevelopmentTeam = TK347G5S3D;
						ProvisioningStyle = Automatic;
					};
				};
			};
			buildConfigurationList = 84F638C91DEEC40100FDDD30 /* Build configuration list for PBXProject "translater" */;
			compatibilityVersion = "Xcode 3.2";
			developmentRegion = English;
			hasScannedForEncodings = 0;
			knownRegions = (
				en,
				Base,
			);
			mainGroup = 84F638C51DEEC40100FDDD30;
			productRefGroup = 84F638CF1DEEC40100FDDD30 /* Products */;
			projectDirPath = "";
			projectRoot = "";
			targets = (
				84F638CD1DEEC40100FDDD30 /* translater */,
			);
		};
/* End PBXProject section */

/* Begin PBXResourcesBuildPhase section */
		84F638CC1DEEC40100FDDD30 /* Resources */ = {
			isa = PBXResourcesBuildPhase;
			buildActionMask = 2147483647;
			files = (
				84F638E11DEEC40100FDDD30 /* LaunchScreen.storyboard in Resources */,
				84F638DE1DEEC40100FDDD30 /* Assets.xcassets in Resources */,
				84F638DC1DEEC40100FDDD30 /* Main.storyboard in Resources */,
			);
			runOnlyForDeploymentPostprocessing = 0;
		};
/* End PBXResourcesBuildPhase section */

/* Begin PBXSourcesBuildPhase section */
		84F638CA1DEEC40100FDDD30 /* Sources */ = {
			isa = PBXSourcesBuildPhase;
			buildActionMask = 2147483647;
			files = (
				84F638D61DEEC40100FDDD30 /* AppDelegate.m in Sources */,
				EA3B763C1E6E0DAD00E509A4 /* Translate.m in Sources */,
				EA3B76441E6E0DBF00E509A4 /* HistoryCell.m in Sources */,
				84F638D31DEEC40100FDDD30 /* main.m in Sources */,
				EA36CB0D1E6DA0A300B44E4E /* AppColors.m in Sources */,
				EA3B76431E6E0DBF00E509A4 /* HeaderCell.m in Sources */,
				EA3B76451E6E0DBF00E509A4 /* LanguageCell.m in Sources */,
				EA3B76391E6E0DAD00E509A4 /* Detail.m in Sources */,
				EA3B763B1E6E0DAD00E509A4 /* LanguageSelecting.m in Sources */,
				EA3B763A1E6E0DAD00E509A4 /* History.m in Sources */,
				EA3B76481E6E0DCE00E509A4 /* Translator.m in Sources */,
			);
			runOnlyForDeploymentPostprocessing = 0;
		};
/* End PBXSourcesBuildPhase section */

/* Begin PBXVariantGroup section */
		84F638DA1DEEC40100FDDD30 /* Main.storyboard */ = {
			isa = PBXVariantGroup;
			children = (
				84F638DB1DEEC40100FDDD30 /* Base */,
			);
			name = Main.storyboard;
			sourceTree = "<group>";
		};
		84F638DF1DEEC40100FDDD30 /* LaunchScreen.storyboard */ = {
			isa = PBXVariantGroup;
			children = (
				84F638E01DEEC40100FDDD30 /* Base */,
			);
			name = LaunchScreen.storyboard;
			sourceTree = "<group>";
		};
/* End PBXVariantGroup section */

/* Begin XCBuildConfiguration section */
		84F638E31DEEC40100FDDD30 /* Debug */ = {
			isa = XCBuildConfiguration;
			buildSettings = {
				ALWAYS_SEARCH_USER_PATHS = NO;
				CLANG_ANALYZER_NONNULL = YES;
				CLANG_CXX_LANGUAGE_STANDARD = "gnu++0x";
				CLANG_CXX_LIBRARY = "libc++";
				CLANG_ENABLE_MODULES = YES;
				CLANG_ENABLE_OBJC_ARC = YES;
				CLANG_WARN_BOOL_CONVERSION = YES;
				CLANG_WARN_CONSTANT_CONVERSION = YES;
				CLANG_WARN_DIRECT_OBJC_ISA_USAGE = YES_ERROR;
				CLANG_WARN_DOCUMENTATION_COMMENTS = YES;
				CLANG_WARN_EMPTY_BODY = YES;
				CLANG_WARN_ENUM_CONVERSION = YES;
				CLANG_WARN_INFINITE_RECURSION = YES;
				CLANG_WARN_INT_CONVERSION = YES;
				CLANG_WARN_OBJC_ROOT_CLASS = YES_ERROR;
				CLANG_WARN_SUSPICIOUS_MOVE = YES;
				CLANG_WARN_SUSPICIOUS_MOVES = YES;
				CLANG_WARN_UNREACHABLE_CODE = YES;
				CLANG_WARN__DUPLICATE_METHOD_MATCH = YES;
				"CODE_SIGN_IDENTITY[sdk=iphoneos*]" = "iPhone Developer";
				COPY_PHASE_STRIP = NO;
				DEBUG_INFORMATION_FORMAT = dwarf;
				ENABLE_STRICT_OBJC_MSGSEND = YES;
				ENABLE_TESTABILITY = YES;
				GCC_C_LANGUAGE_STANDARD = gnu99;
				GCC_DYNAMIC_NO_PIC = NO;
				GCC_NO_COMMON_BLOCKS = YES;
				GCC_OPTIMIZATION_LEVEL = 0;
				GCC_PREPROCESSOR_DEFINITIONS = (
					"DEBUG=1",
					"$(inherited)",
				);
				GCC_WARN_64_TO_32_BIT_CONVERSION = YES;
				GCC_WARN_ABOUT_RETURN_TYPE = YES_ERROR;
				GCC_WARN_UNDECLARED_SELECTOR = YES;
				GCC_WARN_UNINITIALIZED_AUTOS = YES_AGGRESSIVE;
				GCC_WARN_UNUSED_FUNCTION = YES;
				GCC_WARN_UNUSED_VARIABLE = YES;
				IPHONEOS_DEPLOYMENT_TARGET = 9.0;
				MTL_ENABLE_DEBUG_INFO = YES;
				ONLY_ACTIVE_ARCH = YES;
				SDKROOT = iphoneos;
				TARGETED_DEVICE_FAMILY = "1,2";
			};
			name = Debug;
		};
		84F638E41DEEC40100FDDD30 /* Release */ = {
			isa = XCBuildConfiguration;
			buildSettings = {
				ALWAYS_SEARCH_USER_PATHS = NO;
				CLANG_ANALYZER_NONNULL = YES;
				CLANG_CXX_LANGUAGE_STANDARD = "gnu++0x";
				CLANG_CXX_LIBRARY = "libc++";
				CLANG_ENABLE_MODULES = YES;
				CLANG_ENABLE_OBJC_ARC = YES;
				CLANG_WARN_BOOL_CONVERSION = YES;
				CLANG_WARN_CONSTANT_CONVERSION = YES;
				CLANG_WARN_DIRECT_OBJC_ISA_USAGE = YES_ERROR;
				CLANG_WARN_DOCUMENTATION_COMMENTS = YES;
				CLANG_WARN_EMPTY_BODY = YES;
				CLANG_WARN_ENUM_CONVERSION = YES;
				CLANG_WARN_INFINITE_RECURSION = YES;
				CLANG_WARN_INT_CONVERSION = YES;
				CLANG_WARN_OBJC_ROOT_CLASS = YES_ERROR;
				CLANG_WARN_SUSPICIOUS_MOVE = YES;
				CLANG_WARN_SUSPICIOUS_MOVES = YES;
				CLANG_WARN_UNREACHABLE_CODE = YES;
				CLANG_WARN__DUPLICATE_METHOD_MATCH = YES;
				"CODE_SIGN_IDENTITY[sdk=iphoneos*]" = "iPhone Developer";
				COPY_PHASE_STRIP = NO;
				DEBUG_INFORMATION_FORMAT = "dwarf-with-dsym";
				ENABLE_NS_ASSERTIONS = NO;
				ENABLE_STRICT_OBJC_MSGSEND = YES;
				GCC_C_LANGUAGE_STANDARD = gnu99;
				GCC_NO_COMMON_BLOCKS = YES;
				GCC_WARN_64_TO_32_BIT_CONVERSION = YES;
				GCC_WARN_ABOUT_RETURN_TYPE = YES_ERROR;
				GCC_WARN_UNDECLARED_SELECTOR = YES;
				GCC_WARN_UNINITIALIZED_AUTOS = YES_AGGRESSIVE;
				GCC_WARN_UNUSED_FUNCTION = YES;
				GCC_WARN_UNUSED_VARIABLE = YES;
				IPHONEOS_DEPLOYMENT_TARGET = 9.0;
				MTL_ENABLE_DEBUG_INFO = NO;
				SDKROOT = iphoneos;
				TARGETED_DEVICE_FAMILY = "1,2";
				VALIDATE_PRODUCT = YES;
			};
			name = Release;
		};
		84F638E61DEEC40100FDDD30 /* Debug */ = {
			isa = XCBuildConfiguration;
			buildSettings = {
				ASSETCATALOG_COMPILER_APPICON_NAME = AppIcon;
				DEVELOPMENT_TEAM = TK347G5S3D;
				INFOPLIST_FILE = translater/Info.plist;
				IPHONEOS_DEPLOYMENT_TARGET = 9.0;
				LD_RUNPATH_SEARCH_PATHS = "$(inherited) @executable_path/Frameworks";
				PRODUCT_BUNDLE_IDENTIFIER = ua.com.softgroup.translater;
				PRODUCT_NAME = "$(TARGET_NAME)";
			};
			name = Debug;
		};
		84F638E71DEEC40100FDDD30 /* Release */ = {
			isa = XCBuildConfiguration;
			buildSettings = {
				ASSETCATALOG_COMPILER_APPICON_NAME = AppIcon;
				DEVELOPMENT_TEAM = TK347G5S3D;
				INFOPLIST_FILE = translater/Info.plist;
				IPHONEOS_DEPLOYMENT_TARGET = 9.0;
				LD_RUNPATH_SEARCH_PATHS = "$(inherited) @executable_path/Frameworks";
				PRODUCT_BUNDLE_IDENTIFIER = ua.com.softgroup.translater;
				PRODUCT_NAME = "$(TARGET_NAME)";
			};
			name = Release;
		};
/* End XCBuildConfiguration section */

/* Begin XCConfigurationList section */
		84F638C91DEEC40100FDDD30 /* Build configuration list for PBXProject "translater" */ = {
			isa = XCConfigurationList;
			buildConfigurations = (
				84F638E31DEEC40100FDDD30 /* Debug */,
				84F638E41DEEC40100FDDD30 /* Release */,
			);
			defaultConfigurationIsVisible = 0;
			defaultConfigurationName = Release;
		};
		84F638E51DEEC40100FDDD30 /* Build configuration list for PBXNativeTarget "translater" */ = {
			isa = XCConfigurationList;
			buildConfigurations = (
				84F638E61DEEC40100FDDD30 /* Debug */,
				84F638E71DEEC40100FDDD30 /* Release */,
			);
			defaultConfigurationIsVisible = 0;
			defaultConfigurationName = Release;
		};
/* End XCConfigurationList section */
	};
	rootObject = 84F638C61DEEC40100FDDD30 /* Project object */;
}
