// !$*UTF8*$!
{
	archiveVersion = 1;
	classes = {
	};
	objectVersion = 46;
	objects = {

/* Begin PBXBuildFile section */
		84F638D31DEEC40100FDDD30 /* main.m in Sources */ = {isa = PBXBuildFile; fileRef = 84F638D21DEEC40100FDDD30 /* main.m */; };
		84F638D61DEEC40100FDDD30 /* AppDelegate.m in Sources */ = {isa = PBXBuildFile; fileRef = 84F638D51DEEC40100FDDD30 /* AppDelegate.m */; };
		84F638DC1DEEC40100FDDD30 /* Main.storyboard in Resources */ = {isa = PBXBuildFile; fileRef = 84F638DA1DEEC40100FDDD30 /* Main.storyboard */; };
		84F638DE1DEEC40100FDDD30 /* Assets.xcassets in Resources */ = {isa = PBXBuildFile; fileRef = 84F638DD1DEEC40100FDDD30 /* Assets.xcassets */; };
		84F638E11DEEC40100FDDD30 /* LaunchScreen.storyboard in Resources */ = {isa = PBXBuildFile; fileRef = 84F638DF1DEEC40100FDDD30 /* LaunchScreen.storyboard */; };
		84F638EA1DEEC83E00FDDD30 /* Translator.m in Sources */ = {isa = PBXBuildFile; fileRef = 84F638E91DEEC83E00FDDD30 /* Translator.m */; };
		EA2487461E5DA35400FAFBE1 /* AppConstants.m in Sources */ = {isa = PBXBuildFile; fileRef = EA2487451E5DA35400FAFBE1 /* AppConstants.m */; };
		EA2929011E61B99B00739C76 /* Translate.m in Sources */ = {isa = PBXBuildFile; fileRef = EA2929001E61B99B00739C76 /* Translate.m */; };
		EA2929041E61B9AF00739C76 /* History.m in Sources */ = {isa = PBXBuildFile; fileRef = EA2929031E61B9AF00739C76 /* History.m */; };
		EA2929091E61E4C100739C76 /* LanguageSelecting.m in Sources */ = {isa = PBXBuildFile; fileRef = EA2929081E61E4C100739C76 /* LanguageSelecting.m */; };
/* End PBXBuildFile section */

/* Begin PBXContainerItemProxy section */
		EA2929131E622C0A00739C76 /* PBXContainerItemProxy */ = {
			isa = PBXContainerItemProxy;
			containerPortal = 84F638C61DEEC40100FDDD30 /* Project object */;
			proxyType = 1;
			remoteGlobalIDString = 84F638CD1DEEC40100FDDD30;
			remoteInfo = translater;
		};
/* End PBXContainerItemProxy section */

/* Begin PBXFileReference section */
		84F638CE1DEEC40100FDDD30 /* translater.app */ = {isa = PBXFileReference; explicitFileType = wrapper.application; includeInIndex = 0; path = translater.app; sourceTree = BUILT_PRODUCTS_DIR; };
		84F638D21DEEC40100FDDD30 /* main.m */ = {isa = PBXFileReference; lastKnownFileType = sourcecode.c.objc; path = main.m; sourceTree = "<group>"; };
		84F638D41DEEC40100FDDD30 /* AppDelegate.h */ = {isa = PBXFileReference; lastKnownFileType = sourcecode.c.h; path = AppDelegate.h; sourceTree = "<group>"; };
		84F638D51DEEC40100FDDD30 /* AppDelegate.m */ = {isa = PBXFileReference; lastKnownFileType = sourcecode.c.objc; path = AppDelegate.m; sourceTree = "<group>"; };
		84F638DB1DEEC40100FDDD30 /* Base */ = {isa = PBXFileReference; lastKnownFileType = file.storyboard; name = Base; path = Base.lproj/Main.storyboard; sourceTree = "<group>"; };
		84F638DD1DEEC40100FDDD30 /* Assets.xcassets */ = {isa = PBXFileReference; lastKnownFileType = folder.assetcatalog; path = Assets.xcassets; sourceTree = "<group>"; };
		84F638E01DEEC40100FDDD30 /* Base */ = {isa = PBXFileReference; lastKnownFileType = file.storyboard; name = Base; path = Base.lproj/LaunchScreen.storyboard; sourceTree = "<group>"; };
		84F638E21DEEC40100FDDD30 /* Info.plist */ = {isa = PBXFileReference; lastKnownFileType = text.plist.xml; path = Info.plist; sourceTree = "<group>"; };
		84F638E81DEEC83E00FDDD30 /* Translator.h */ = {isa = PBXFileReference; fileEncoding = 4; lastKnownFileType = sourcecode.c.h; path = Translator.h; sourceTree = "<group>"; };
		84F638E91DEEC83E00FDDD30 /* Translator.m */ = {isa = PBXFileReference; fileEncoding = 4; lastKnownFileType = sourcecode.c.objc; path = Translator.m; sourceTree = "<group>"; };
		EA2487441E5DA35400FAFBE1 /* AppConstants.h */ = {isa = PBXFileReference; fileEncoding = 4; lastKnownFileType = sourcecode.c.h; path = AppConstants.h; sourceTree = "<group>"; };
		EA2487451E5DA35400FAFBE1 /* AppConstants.m */ = {isa = PBXFileReference; fileEncoding = 4; lastKnownFileType = sourcecode.c.objc; path = AppConstants.m; sourceTree = "<group>"; };
		EA2928FF1E61B99B00739C76 /* Translate.h */ = {isa = PBXFileReference; fileEncoding = 4; lastKnownFileType = sourcecode.c.h; path = Translate.h; sourceTree = "<group>"; };
		EA2929001E61B99B00739C76 /* Translate.m */ = {isa = PBXFileReference; fileEncoding = 4; lastKnownFileType = sourcecode.c.objc; path = Translate.m; sourceTree = "<group>"; };
		EA2929021E61B9AF00739C76 /* History.h */ = {isa = PBXFileReference; fileEncoding = 4; lastKnownFileType = sourcecode.c.h; path = History.h; sourceTree = "<group>"; };
		EA2929031E61B9AF00739C76 /* History.m */ = {isa = PBXFileReference; fileEncoding = 4; lastKnownFileType = sourcecode.c.objc; path = History.m; sourceTree = "<group>"; };
		EA2929071E61E4C100739C76 /* LanguageSelecting.h */ = {isa = PBXFileReference; fileEncoding = 4; lastKnownFileType = sourcecode.c.h; path = LanguageSelecting.h; sourceTree = "<group>"; };
		EA2929081E61E4C100739C76 /* LanguageSelecting.m */ = {isa = PBXFileReference; fileEncoding = 4; lastKnownFileType = sourcecode.c.objc; path = LanguageSelecting.m; sourceTree = "<group>"; };
		EA29290E1E622C0900739C76 /* translaterUITests.xctest */ = {isa = PBXFileReference; explicitFileType = wrapper.cfbundle; includeInIndex = 0; path = translaterUITests.xctest; sourceTree = BUILT_PRODUCTS_DIR; };
/* End PBXFileReference section */

/* Begin PBXFrameworksBuildPhase section */
		84F638CB1DEEC40100FDDD30 /* Frameworks */ = {
			isa = PBXFrameworksBuildPhase;
			buildActionMask = 2147483647;
			files = (
			);
			runOnlyForDeploymentPostprocessing = 0;
		};
		EA29290B1E622C0900739C76 /* Frameworks */ = {
			isa = PBXFrameworksBuildPhase;
			buildActionMask = 2147483647;
			files = (
			);
			runOnlyForDeploymentPostprocessing = 0;
		};
/* End PBXFrameworksBuildPhase section */

/* Begin PBXGroup section */
		84F638C51DEEC40100FDDD30 = {
			isa = PBXGroup;
			children = (
				84F638D01DEEC40100FDDD30 /* translater */,
				84F638CF1DEEC40100FDDD30 /* Products */,
			);
			sourceTree = "<group>";
		};
		84F638CF1DEEC40100FDDD30 /* Products */ = {
			isa = PBXGroup;
			children = (
				84F638CE1DEEC40100FDDD30 /* translater.app */,
				EA29290E1E622C0900739C76 /* translaterUITests.xctest */,
			);
			name = Products;
			sourceTree = "<group>";
		};
		84F638D01DEEC40100FDDD30 /* translater */ = {
			isa = PBXGroup;
			children = (
				84F638D41DEEC40100FDDD30 /* AppDelegate.h */,
				84F638D51DEEC40100FDDD30 /* AppDelegate.m */,
				EA2487441E5DA35400FAFBE1 /* AppConstants.h */,
				EA2487451E5DA35400FAFBE1 /* AppConstants.m */,
				EA2487421E5DA02B00FAFBE1 /* ViewControllers */,
				84F638EB1DEEC85100FDDD30 /* Model */,
				84F638DA1DEEC40100FDDD30 /* Main.storyboard */,
				84F638DD1DEEC40100FDDD30 /* Assets.xcassets */,
				84F638DF1DEEC40100FDDD30 /* LaunchScreen.storyboard */,
				84F638E21DEEC40100FDDD30 /* Info.plist */,
				84F638D11DEEC40100FDDD30 /* Supporting Files */,
			);
			path = translater;
			sourceTree = "<group>";
		};
		84F638D11DEEC40100FDDD30 /* Supporting Files */ = {
			isa = PBXGroup;
			children = (
				84F638D21DEEC40100FDDD30 /* main.m */,
			);
			name = "Supporting Files";
			sourceTree = "<group>";
		};
		84F638EB1DEEC85100FDDD30 /* Model */ = {
			isa = PBXGroup;
			children = (
				84F638E81DEEC83E00FDDD30 /* Translator.h */,
				84F638E91DEEC83E00FDDD30 /* Translator.m */,
			);
			name = Model;
			sourceTree = "<group>";
		};
		EA2487421E5DA02B00FAFBE1 /* ViewControllers */ = {
			isa = PBXGroup;
			children = (
				EA2928FF1E61B99B00739C76 /* Translate.h */,
				EA2929001E61B99B00739C76 /* Translate.m */,
				EA2929021E61B9AF00739C76 /* History.h */,
				EA2929031E61B9AF00739C76 /* History.m */,
				EA2929071E61E4C100739C76 /* LanguageSelecting.h */,
				EA2929081E61E4C100739C76 /* LanguageSelecting.m */,
			);
			name = ViewControllers;
			sourceTree = "<group>";
		};
/* End PBXGroup section */

/* Begin PBXNativeTarget section */
		84F638CD1DEEC40100FDDD30 /* translater */ = {
			isa = PBXNativeTarget;
			buildConfigurationList = 84F638E51DEEC40100FDDD30 /* Build configuration list for PBXNativeTarget "translater" */;
			buildPhases = (
				84F638CA1DEEC40100FDDD30 /* Sources */,
				84F638CB1DEEC40100FDDD30 /* Frameworks */,
				84F638CC1DEEC40100FDDD30 /* Resources */,
			);
			buildRules = (
			);
			dependencies = (
			);
			name = translater;
			productName = translater;
			productReference = 84F638CE1DEEC40100FDDD30 /* translater.app */;
			productType = "com.apple.product-type.application";
		};
		EA29290D1E622C0900739C76 /* translaterUITests */ = {
			isa = PBXNativeTarget;
			buildConfigurationList = EA2929151E622C0A00739C76 /* Build configuration list for PBXNativeTarget "translaterUITests" */;
			buildPhases = (
				EA29290A1E622C0900739C76 /* Sources */,
				EA29290B1E622C0900739C76 /* Frameworks */,
				EA29290C1E622C0900739C76 /* Resources */,
			);
			buildRules = (
			);
			dependencies = (
				EA2929141E622C0A00739C76 /* PBXTargetDependency */,
			);
			name = translaterUITests;
			productName = translaterUITests;
			productReference = EA29290E1E622C0900739C76 /* translaterUITests.xctest */;
			productType = "com.apple.product-type.bundle.ui-testing";
		};
/* End PBXNativeTarget section */

/* Begin PBXProject section */
		84F638C61DEEC40100FDDD30 /* Project object */ = {
			isa = PBXProject;
			attributes = {
				LastUpgradeCheck = 0820;
				ORGANIZATIONNAME = admin;
				TargetAttributes = {
					84F638CD1DEEC40100FDDD30 = {
						CreatedOnToolsVersion = 8.1;
						DevelopmentTeam = TK347G5S3D;
						ProvisioningStyle = Automatic;
					};
					EA29290D1E622C0900739C76 = {
						CreatedOnToolsVersion = 8.2.1;
						DevelopmentTeam = TK347G5S3D;
						ProvisioningStyle = Automatic;
						TestTargetID = 84F638CD1DEEC40100FDDD30;
					};
				};
			};
			buildConfigurationList = 84F638C91DEEC40100FDDD30 /* Build configuration list for PBXProject "translater" */;
			compatibilityVersion = "Xcode 3.2";
			developmentRegion = English;
			hasScannedForEncodings = 0;
			knownRegions = (
				en,
				Base,
			);
			mainGroup = 84F638C51DEEC40100FDDD30;
			productRefGroup = 84F638CF1DEEC40100FDDD30 /* Products */;
			projectDirPath = "";
			projectRoot = "";
			targets = (
				84F638CD1DEEC40100FDDD30 /* translater */,
				EA29290D1E622C0900739C76 /* translaterUITests */,
			);
		};
/* End PBXProject section */

/* Begin PBXResourcesBuildPhase section */
		84F638CC1DEEC40100FDDD30 /* Resources */ = {
			isa = PBXResourcesBuildPhase;
			buildActionMask = 2147483647;
			files = (
				84F638E11DEEC40100FDDD30 /* LaunchScreen.storyboard in Resources */,
				84F638DE1DEEC40100FDDD30 /* Assets.xcassets in Resources */,
				84F638DC1DEEC40100FDDD30 /* Main.storyboard in Resources */,
			);
			runOnlyForDeploymentPostprocessing = 0;
		};
		EA29290C1E622C0900739C76 /* Resources */ = {
			isa = PBXResourcesBuildPhase;
			buildActionMask = 2147483647;
			files = (
			);
			runOnlyForDeploymentPostprocessing = 0;
		};
/* End PBXResourcesBuildPhase section */

/* Begin PBXSourcesBuildPhase section */
		84F638CA1DEEC40100FDDD30 /* Sources */ = {
			isa = PBXSourcesBuildPhase;
			buildActionMask = 2147483647;
			files = (
				EA2929091E61E4C100739C76 /* LanguageSelecting.m in Sources */,
				84F638D61DEEC40100FDDD30 /* AppDelegate.m in Sources */,
				84F638D31DEEC40100FDDD30 /* main.m in Sources */,
				EA2929011E61B99B00739C76 /* Translate.m in Sources */,
				84F638EA1DEEC83E00FDDD30 /* Translator.m in Sources */,
				EA2929041E61B9AF00739C76 /* History.m in Sources */,
				EA2487461E5DA35400FAFBE1 /* AppConstants.m in Sources */,
			);
			runOnlyForDeploymentPostprocessing = 0;
		};
		EA29290A1E622C0900739C76 /* Sources */ = {
			isa = PBXSourcesBuildPhase;
			buildActionMask = 2147483647;
			files = (
			);
			runOnlyForDeploymentPostprocessing = 0;
		};
/* End PBXSourcesBuildPhase section */

/* Begin PBXTargetDependency section */
		EA2929141E622C0A00739C76 /* PBXTargetDependency */ = {
			isa = PBXTargetDependency;
			target = 84F638CD1DEEC40100FDDD30 /* translater */;
			targetProxy = EA2929131E622C0A00739C76 /* PBXContainerItemProxy */;
		};
/* End PBXTargetDependency section */

/* Begin PBXVariantGroup section */
		84F638DA1DEEC40100FDDD30 /* Main.storyboard */ = {
			isa = PBXVariantGroup;
			children = (
				84F638DB1DEEC40100FDDD30 /* Base */,
			);
			name = Main.storyboard;
			sourceTree = "<group>";
		};
		84F638DF1DEEC40100FDDD30 /* LaunchScreen.storyboard */ = {
			isa = PBXVariantGroup;
			children = (
				84F638E01DEEC40100FDDD30 /* Base */,
			);
			name = LaunchScreen.storyboard;
			sourceTree = "<group>";
		};
/* End PBXVariantGroup section */

/* Begin XCBuildConfiguration section */
		84F638E31DEEC40100FDDD30 /* Debug */ = {
			isa = XCBuildConfiguration;
			buildSettings = {
				ALWAYS_SEARCH_USER_PATHS = NO;
				CLANG_ANALYZER_NONNULL = YES;
				CLANG_CXX_LANGUAGE_STANDARD = "gnu++0x";
				CLANG_CXX_LIBRARY = "libc++";
				CLANG_ENABLE_MODULES = YES;
				CLANG_ENABLE_OBJC_ARC = YES;
				CLANG_WARN_BOOL_CONVERSION = YES;
				CLANG_WARN_CONSTANT_CONVERSION = YES;
				CLANG_WARN_DIRECT_OBJC_ISA_USAGE = YES_ERROR;
				CLANG_WARN_DOCUMENTATION_COMMENTS = YES;
				CLANG_WARN_EMPTY_BODY = YES;
				CLANG_WARN_ENUM_CONVERSION = YES;
				CLANG_WARN_INFINITE_RECURSION = YES;
				CLANG_WARN_INT_CONVERSION = YES;
				CLANG_WARN_OBJC_ROOT_CLASS = YES_ERROR;
				CLANG_WARN_SUSPICIOUS_MOVE = YES;
				CLANG_WARN_SUSPICIOUS_MOVES = YES;
				CLANG_WARN_UNREACHABLE_CODE = YES;
				CLANG_WARN__DUPLICATE_METHOD_MATCH = YES;
				"CODE_SIGN_IDENTITY[sdk=iphoneos*]" = "iPhone Developer";
				COPY_PHASE_STRIP = NO;
				DEBUG_INFORMATION_FORMAT = dwarf;
				ENABLE_STRICT_OBJC_MSGSEND = YES;
				ENABLE_TESTABILITY = YES;
				GCC_C_LANGUAGE_STANDARD = gnu99;
				GCC_DYNAMIC_NO_PIC = NO;
				GCC_NO_COMMON_BLOCKS = YES;
				GCC_OPTIMIZATION_LEVEL = 0;
				GCC_PREPROCESSOR_DEFINITIONS = (
					"DEBUG=1",
					"$(inherited)",
				);
				GCC_WARN_64_TO_32_BIT_CONVERSION = YES;
				GCC_WARN_ABOUT_RETURN_TYPE = YES_ERROR;
				GCC_WARN_UNDECLARED_SELECTOR = YES;
				GCC_WARN_UNINITIALIZED_AUTOS = YES_AGGRESSIVE;
				GCC_WARN_UNUSED_FUNCTION = YES;
				GCC_WARN_UNUSED_VARIABLE = YES;
				IPHONEOS_DEPLOYMENT_TARGET = 10.1;
				MTL_ENABLE_DEBUG_INFO = YES;
				ONLY_ACTIVE_ARCH = YES;
				SDKROOT = iphoneos;
				TARGETED_DEVICE_FAMILY = "1,2";
			};
			name = Debug;
		};
		84F638E41DEEC40100FDDD30 /* Release */ = {
			isa = XCBuildConfiguration;
			buildSettings = {
				ALWAYS_SEARCH_USER_PATHS = NO;
				CLANG_ANALYZER_NONNULL = YES;
				CLANG_CXX_LANGUAGE_STANDARD = "gnu++0x";
				CLANG_CXX_LIBRARY = "libc++";
				CLANG_ENABLE_MODULES = YES;
				CLANG_ENABLE_OBJC_ARC = YES;
				CLANG_WARN_BOOL_CONVERSION = YES;
				CLANG_WARN_CONSTANT_CONVERSION = YES;
				CLANG_WARN_DIRECT_OBJC_ISA_USAGE = YES_ERROR;
				CLANG_WARN_DOCUMENTATION_COMMENTS = YES;
				CLANG_WARN_EMPTY_BODY = YES;
				CLANG_WARN_ENUM_CONVERSION = YES;
				CLANG_WARN_INFINITE_RECURSION = YES;
				CLANG_WARN_INT_CONVERSION = YES;
				CLANG_WARN_OBJC_ROOT_CLASS = YES_ERROR;
				CLANG_WARN_SUSPICIOUS_MOVE = YES;
				CLANG_WARN_SUSPICIOUS_MOVES = YES;
				CLANG_WARN_UNREACHABLE_CODE = YES;
				CLANG_WARN__DUPLICATE_METHOD_MATCH = YES;
				"CODE_SIGN_IDENTITY[sdk=iphoneos*]" = "iPhone Developer";
				COPY_PHASE_STRIP = NO;
				DEBUG_INFORMATION_FORMAT = "dwarf-with-dsym";
				ENABLE_NS_ASSERTIONS = NO;
				ENABLE_STRICT_OBJC_MSGSEND = YES;
				GCC_C_LANGUAGE_STANDARD = gnu99;
				GCC_NO_COMMON_BLOCKS = YES;
				GCC_WARN_64_TO_32_BIT_CONVERSION = YES;
				GCC_WARN_ABOUT_RETURN_TYPE = YES_ERROR;
				GCC_WARN_UNDECLARED_SELECTOR = YES;
				GCC_WARN_UNINITIALIZED_AUTOS = YES_AGGRESSIVE;
				GCC_WARN_UNUSED_FUNCTION = YES;
				GCC_WARN_UNUSED_VARIABLE = YES;
				IPHONEOS_DEPLOYMENT_TARGET = 10.1;
				MTL_ENABLE_DEBUG_INFO = NO;
				SDKROOT = iphoneos;
				TARGETED_DEVICE_FAMILY = "1,2";
				VALIDATE_PRODUCT = YES;
			};
			name = Release;
		};
		84F638E61DEEC40100FDDD30 /* Debug */ = {
			isa = XCBuildConfiguration;
			buildSettings = {
				ASSETCATALOG_COMPILER_APPICON_NAME = AppIcon;
				DEVELOPMENT_TEAM = TK347G5S3D;
				INFOPLIST_FILE = translater/Info.plist;
				IPHONEOS_DEPLOYMENT_TARGET = 10.0;
				LD_RUNPATH_SEARCH_PATHS = "$(inherited) @executable_path/Frameworks";
				PRODUCT_BUNDLE_IDENTIFIER = ua.com.softgroup.translater;
				PRODUCT_NAME = "$(TARGET_NAME)";
			};
			name = Debug;
		};
		84F638E71DEEC40100FDDD30 /* Release */ = {
			isa = XCBuildConfiguration;
			buildSettings = {
				ASSETCATALOG_COMPILER_APPICON_NAME = AppIcon;
				DEVELOPMENT_TEAM = TK347G5S3D;
				INFOPLIST_FILE = translater/Info.plist;
				IPHONEOS_DEPLOYMENT_TARGET = 10.0;
				LD_RUNPATH_SEARCH_PATHS = "$(inherited) @executable_path/Frameworks";
				PRODUCT_BUNDLE_IDENTIFIER = ua.com.softgroup.translater;
				PRODUCT_NAME = "$(TARGET_NAME)";
			};
			name = Release;
		};
		EA2929161E622C0A00739C76 /* Debug */ = {
			isa = XCBuildConfiguration;
			buildSettings = {
				DEVELOPMENT_TEAM = TK347G5S3D;
				INFOPLIST_FILE = translaterUITests/Info.plist;
				IPHONEOS_DEPLOYMENT_TARGET = 10.2;
				LD_RUNPATH_SEARCH_PATHS = "$(inherited) @executable_path/Frameworks @loader_path/Frameworks";
				PRODUCT_BUNDLE_IDENTIFIER = softgroup.translaterUITests;
				PRODUCT_NAME = "$(TARGET_NAME)";
				TEST_TARGET_NAME = translater;
			};
			name = Debug;
		};
		EA2929171E622C0A00739C76 /* Release */ = {
			isa = XCBuildConfiguration;
			buildSettings = {
				DEVELOPMENT_TEAM = TK347G5S3D;
				INFOPLIST_FILE = translaterUITests/Info.plist;
				IPHONEOS_DEPLOYMENT_TARGET = 10.2;
				LD_RUNPATH_SEARCH_PATHS = "$(inherited) @executable_path/Frameworks @loader_path/Frameworks";
				PRODUCT_BUNDLE_IDENTIFIER = softgroup.translaterUITests;
				PRODUCT_NAME = "$(TARGET_NAME)";
				TEST_TARGET_NAME = translater;
			};
			name = Release;
		};
/* End XCBuildConfiguration section */

/* Begin XCConfigurationList section */
		84F638C91DEEC40100FDDD30 /* Build configuration list for PBXProject "translater" */ = {
			isa = XCConfigurationList;
			buildConfigurations = (
				84F638E31DEEC40100FDDD30 /* Debug */,
				84F638E41DEEC40100FDDD30 /* Release */,
			);
			defaultConfigurationIsVisible = 0;
			defaultConfigurationName = Release;
		};
		84F638E51DEEC40100FDDD30 /* Build configuration list for PBXNativeTarget "translater" */ = {
			isa = XCConfigurationList;
			buildConfigurations = (
				84F638E61DEEC40100FDDD30 /* Debug */,
				84F638E71DEEC40100FDDD30 /* Release */,
			);
			defaultConfigurationIsVisible = 0;
			defaultConfigurationName = Release;
		};
		EA2929151E622C0A00739C76 /* Build configuration list for PBXNativeTarget "translaterUITests" */ = {
			isa = XCConfigurationList;
			buildConfigurations = (
				EA2929161E622C0A00739C76 /* Debug */,
				EA2929171E622C0A00739C76 /* Release */,
			);
			defaultConfigurationIsVisible = 0;
		};
/* End XCConfigurationList section */
	};
	rootObject = 84F638C61DEEC40100FDDD30 /* Project object */;
}
